
Microsoft Visual Studio Solution File, Format Version 12.00
# Visual Studio Version 16
VisualStudioVersion = 16.0.28922.388
MinimumVisualStudioVersion = 10.0.40219.1
Project("{FAE04EC0-301F-11D3-BF4B-00C04F79EFBC}") = "Zad2", "View\Zad2.csproj", "{1558D03F-4BA2-473A-8353-87B905B98AA9}"
EndProject
Global
	GlobalSection(SolutionConfigurationPlatforms) = preSolution
		Debug|Any CPU = Debug|Any CPU
		Release|Any CPU = Release|Any CPU
	EndGlobalSection
	GlobalSection(ProjectConfigurationPlatforms) = postSolution
		{1558D03F-4BA2-473A-8353-87B905B98AA9}.Debug|Any CPU.ActiveCfg = Debug|Any CPU
		{1558D03F-4BA2-473A-8353-87B905B98AA9}.Debug|Any CPU.Build.0 = Debug|Any CPU
		{1558D03F-4BA2-473A-8353-87B905B98AA9}.Release|Any CPU.ActiveCfg = Release|Any CPU
		{1558D03F-4BA2-473A-8353-87B905B98AA9}.Release|Any CPU.Build.0 = Release|Any CPU
	EndGlobalSection
	GlobalSection(SolutionProperties) = preSolution
		HideSolutionNode = FALSE
	EndGlobalSection
	GlobalSection(ExtensibilityGlobals) = postSolution
		SolutionGuid = {1B1917B6-D087-4854-BEC9-A1680E64D686}
	EndGlobalSection
EndGlobal
